{
  "version": 4,
  "terraform_version": "0.12.0",
  "serial": 27,
  "lineage": "d9bc0e99-f7d9-8269-9dae-91a0e5569d61",
  "outputs": {},
  "resources": [
    {
      "mode": "managed",
      "type": "aws_vpc",
      "name": "main",
      "provider": "provider.aws",
      "instances": [
        {
          "schema_version": 1,
          "attributes": {
            "arn": "arn:aws:ec2:eu-west-1:500345788222:vpc/vpc-05c30ed46b0a1fb0e",
            "assign_generated_ipv6_cidr_block": false,
            "cidr_block": "10.0.0.0/16",
            "default_network_acl_id": "acl-0642dd079a4643cc8",
            "default_route_table_id": "rtb-0f3ab130b0c7fda1e",
            "default_security_group_id": "sg-0e0dcc4b5e3b3599f",
            "dhcp_options_id": "dopt-2f364749",
            "enable_classiclink": false,
            "enable_classiclink_dns_support": false,
            "enable_dns_hostnames": true,
            "enable_dns_support": true,
            "id": "vpc-05c30ed46b0a1fb0e",
            "instance_tenancy": "default",
            "ipv6_association_id": "",
            "ipv6_cidr_block": "",
            "main_route_table_id": "rtb-0f3ab130b0c7fda1e",
            "owner_id": "500345788222",
            "tags": {
              "Name": "main"
            }
          }
        }
      ]
    }
  ]
}
