{
  "version": 4,
  "terraform_version": "0.12.0",
  "serial": 5,
  "lineage": "8d620c4c-bd5d-8c6b-ef15-4264b4edfd6c",
  "outputs": {},
  "resources": [
    {
      "mode": "managed",
      "type": "aws_instance",
      "name": "example",
      "provider": "provider.aws",
      "instances": [
        {
          "schema_version": 1,
          "attributes": {
            "ami": "ami-0dd423361176c4c3e",
            "arn": "arn:aws:ec2:ap-south-1:500345788222:instance/i-074fc4f2d1fd8baf3",
            "associate_public_ip_address": true,
            "availability_zone": "ap-south-1a",
            "cpu_core_count": 1,
            "cpu_threads_per_core": 1,
            "credit_specification": [
              {
                "cpu_credits": "standard"
              }
            ],
            "disable_api_termination": false,
            "ebs_block_device": [],
            "ebs_optimized": false,
            "ephemeral_block_device": [],
            "get_password_data": false,
            "host_id": null,
            "iam_instance_profile": "",
            "id": "i-074fc4f2d1fd8baf3",
            "instance_initiated_shutdown_behavior": null,
            "instance_state": "running",
            "instance_type": "t2.micro",
            "ipv6_address_count": 0,
            "ipv6_addresses": [],
            "key_name": "",
            "monitoring": false,
            "network_interface": [],
            "network_interface_id": null,
            "password_data": "",
            "placement_group": "",
            "primary_network_interface_id": "eni-0738c94c5afe00ca5",
            "private_dns": "ip-172-31-23-57.ap-south-1.compute.internal",
            "private_ip": "172.31.23.57",
            "public_dns": "ec2-13-233-183-108.ap-south-1.compute.amazonaws.com",
            "public_ip": "13.233.183.108",
            "root_block_device": [
              {
                "delete_on_termination": true,
                "iops": 100,
                "volume_id": "vol-050e04c3d9606102b",
                "volume_size": 8,
                "volume_type": "gp2"
              }
            ],
            "security_groups": [
              "default"
            ],
            "source_dest_check": true,
            "subnet_id": "subnet-48226f20",
            "tags": null,
            "tenancy": "default",
            "timeouts": null,
            "user_data": null,
            "user_data_base64": null,
            "volume_tags": {},
            "vpc_security_group_ids": [
              "sg-0c142466"
            ]
          }
        }
      ]
    }
  ]
}
